<?xml version="1.0" encoding="utf-8"?>
<Project ToolsVersion="4.0" xmlns="http://schemas.microsoft.com/developer/msbuild/2003">
  <ItemGroup>
    <Filter Include="Source Files">
      <UniqueIdentifier>{4FC737F1-C7A5-4376-A066-2A32D752A2FF}</UniqueIdentifier>
      <Extensions>cpp;c;cc;cxx;def;odl;idl;hpj;bat;asm;asmx</Extensions>
    </Filter>
    <Filter Include="Header Files">
      <UniqueIdentifier>{93995380-89BD-4b04-88EB-625FBE52EBFB}</UniqueIdentifier>
      <Extensions>h;hh;hpp;hxx;hm;inl;inc;xsd</Extensions>
    </Filter>
    <Filter Include="Resource Files">
      <UniqueIdentifier>{67DA6AB6-F800-4c08-8B7A-83BB121AAD01}</UniqueIdentifier>
      <Extensions>rc;ico;cur;bmp;dlg;rc2;rct;bin;rgs;gif;jpg;jpeg;jpe;resx;tiff;tif;png;wav;mfcribbon-ms</Extensions>
    </Filter>
    <Filter Include="Core">
      <UniqueIdentifier>{abd3c81d-437b-4024-af37-d84e3cc75d22}</UniqueIdentifier>
    </Filter>
    <Filter Include="Core\Header Files">
      <UniqueIdentifier>{2bcc77be-7bc8-4e8e-85c3-3a697caf54fe}</UniqueIdentifier>
    </Filter>
    <Filter Include="Core\Core Files">
      <UniqueIdentifier>{d485b0b5-df3f-4dd6-991d-67c5ae7281c1}</UniqueIdentifier>
    </Filter>
    <Filter Include="Shaders">
      <UniqueIdentifier>{5b20c1b2-2b2a-404d-aa46-9a4ef637a30c}</UniqueIdentifier>
    </Filter>
    <Filter Include="MIDI">
      <UniqueIdentifier>{8d23e7cb-be85-44f4-85d8-6836addb5452}</UniqueIdentifier>
    </Filter>
  </ItemGroup>
  <ItemGroup>
    <ClInclude Include="Camera.h">
      <Filter>Core\Header Files</Filter>
    </ClInclude>
    <ClInclude Include="Mesh.h">
      <Filter>Core\Header Files</Filter>
    </ClInclude>
    <ClInclude Include="Model.h">
      <Filter>Core\Header Files</Filter>
    </ClInclude>
    <ClInclude Include="Shader.h">
      <Filter>Core\Header Files</Filter>
    </ClInclude>
    <ClInclude Include="MIDI\rtmidi_c.h">
      <Filter>MIDI</Filter>
    </ClInclude>
    <ClInclude Include="MIDI\RtMidi.h">
      <Filter>MIDI</Filter>
    </ClInclude>
    <ClInclude Include="MidiDebugger.h">
      <Filter>MIDI</Filter>
    </ClInclude>
  </ItemGroup>
  <ItemGroup>
    <ClCompile Include="Camera.cpp">
      <Filter>Core\Core Files</Filter>
    </ClCompile>
    <ClCompile Include="Mesh.cpp">
      <Filter>Core\Core Files</Filter>
    </ClCompile>
    <ClCompile Include="Model.cpp">
      <Filter>Core\Core Files</Filter>
    </ClCompile>
    <ClCompile Include="Shader.cpp">
      <Filter>Core\Core Files</Filter>
    </ClCompile>
    <ClCompile Include="main.cpp">
      <Filter>Source Files</Filter>
    </ClCompile>
    <ClCompile Include="MIDI\rtmidi_c.cpp">
      <Filter>MIDI</Filter>
    </ClCompile>
    <ClCompile Include="MIDI\RtMidi.cpp">
      <Filter>MIDI</Filter>
    </ClCompile>
    <ClCompile Include="MidiDebugger.cpp">
      <Filter>MIDI</Filter>
    </ClCompile>
  </ItemGroup>
  <ItemGroup>
    <None Include="packages.config" />
  </ItemGroup>
</Project>