<?xml version="1.0" encoding="utf-8"?>
<Project ToolsVersion="4.0" xmlns="http://schemas.microsoft.com/developer/msbuild/2003">
  <ItemGroup>
    <Filter Include="Source Files">
      <UniqueIdentifier>{4FC737F1-C7A5-4376-A066-2A32D752A2FF}</UniqueIdentifier>
      <Extensions>cpp;c;cc;cxx;def;odl;idl;hpj;bat;asm;asmx</Extensions>
    </Filter>
    <Filter Include="Header Files">
      <UniqueIdentifier>{93995380-89BD-4b04-88EB-625FBE52EBFB}</UniqueIdentifier>
      <Extensions>h;hh;hpp;hxx;hm;inl;inc;xsd</Extensions>
    </Filter>
    <Filter Include="Resource Files">
      <UniqueIdentifier>{67DA6AB6-F800-4c08-8B7A-83BB121AAD01}</UniqueIdentifier>
      <Extensions>rc;ico;cur;bmp;dlg;rc2;rct;bin;rgs;gif;jpg;jpeg;jpe;resx;tiff;tif;png;wav;mfcribbon-ms</Extensions>
    </Filter>
    <Filter Include="Shaders">
      <UniqueIdentifier>{5b20c1b2-2b2a-404d-aa46-9a4ef637a30c}</UniqueIdentifier>
    </Filter>
    <Filter Include="MIDI">
      <UniqueIdentifier>{8d23e7cb-be85-44f4-85d8-6836addb5452}</UniqueIdentifier>
    </Filter>
    <Filter Include="Engine">
      <UniqueIdentifier>{6b119bf2-ece0-4c5b-b2e9-7ecf71240479}</UniqueIdentifier>
    </Filter>
    <Filter Include="Engine\Core">
      <UniqueIdentifier>{abd3c81d-437b-4024-af37-d84e3cc75d22}</UniqueIdentifier>
    </Filter>
    <Filter Include="Engine\Core\Header Files">
      <UniqueIdentifier>{2bcc77be-7bc8-4e8e-85c3-3a697caf54fe}</UniqueIdentifier>
    </Filter>
    <Filter Include="Engine\Core\Interfaces">
      <UniqueIdentifier>{c00d39b4-921f-4a5b-a5d7-3c0c0bd15851}</UniqueIdentifier>
    </Filter>
    <Filter Include="Engine\GraphicEngine">
      <UniqueIdentifier>{0efe537b-b062-4920-bc9b-7f038e8f7532}</UniqueIdentifier>
    </Filter>
    <Filter Include="Engine\GraphicEngine\Header Files">
      <UniqueIdentifier>{c09bc2b9-6370-4906-a97f-619c0b5a090e}</UniqueIdentifier>
    </Filter>
    <Filter Include="Engine\Core\Source Files">
      <UniqueIdentifier>{d485b0b5-df3f-4dd6-991d-67c5ae7281c1}</UniqueIdentifier>
    </Filter>
    <Filter Include="Engine\GraphicEngine\Source Files">
      <UniqueIdentifier>{cac843b8-6722-4aae-b92f-53a5d930f121}</UniqueIdentifier>
    </Filter>
    <Filter Include="Engine\GraphicEngine\Interfaces">
      <UniqueIdentifier>{a71d1bb3-c923-406c-a795-31795d22b833}</UniqueIdentifier>
    </Filter>
    <Filter Include="Engine\PhysicEngine">
      <UniqueIdentifier>{34f9ad17-bbb6-404a-b000-04de9d3e91d5}</UniqueIdentifier>
    </Filter>
    <Filter Include="Engine\CommonConcepts">
      <UniqueIdentifier>{2e29914e-5bc0-400d-b8bc-eb123532d8d7}</UniqueIdentifier>
    </Filter>
  </ItemGroup>
  <ItemGroup>
    <ClInclude Include="Camera.h">
      <Filter>Engine\Core\Header Files</Filter>
    </ClInclude>
    <ClInclude Include="Mesh.h">
      <Filter>Engine\Core\Header Files</Filter>
    </ClInclude>
    <ClInclude Include="Model.h">
      <Filter>Engine\Core\Header Files</Filter>
    </ClInclude>
    <ClInclude Include="MIDI\rtmidi_c.h">
      <Filter>MIDI</Filter>
    </ClInclude>
    <ClInclude Include="MIDI\RtMidi.h">
      <Filter>MIDI</Filter>
    </ClInclude>
    <ClInclude Include="MidiDebugger.h">
      <Filter>MIDI</Filter>
    </ClInclude>
    <ClInclude Include="IRenderable.h">
      <Filter>Engine\Core\Interfaces</Filter>
    </ClInclude>
    <ClInclude Include="OGLRenderer.h">
      <Filter>Engine\GraphicEngine\Header Files</Filter>
    </ClInclude>
    <ClInclude Include="IRenderer.h">
      <Filter>Engine\GraphicEngine\Interfaces</Filter>
    </ClInclude>
    <ClInclude Include="IVertexArray.h">
      <Filter>Engine\GraphicEngine\Interfaces</Filter>
    </ClInclude>
    <ClInclude Include="OGLVertexArray.h">
      <Filter>Engine\GraphicEngine\Header Files</Filter>
    </ClInclude>
    <ClInclude Include="Shader.h">
      <Filter>Engine\GraphicEngine\Header Files</Filter>
    </ClInclude>
    <ClInclude Include="Context.h">
      <Filter>Engine\GraphicEngine\Header Files</Filter>
    </ClInclude>
    <ClInclude Include="Material.h">
      <Filter>Engine\Core\Header Files</Filter>
    </ClInclude>
    <ClInclude Include="Texture.h">
      <Filter>Engine\CommonConcepts</Filter>
    </ClInclude>
    <ClInclude Include="Vertex.h">
      <Filter>Engine\CommonConcepts</Filter>
    </ClInclude>
    <ClInclude Include="ITextureBuffer.h">
      <Filter>Engine\GraphicEngine\Interfaces</Filter>
    </ClInclude>
    <ClInclude Include="OGLTextureBuffer.h">
      <Filter>Engine\GraphicEngine\Header Files</Filter>
    </ClInclude>
    <ClInclude Include="TexturesManager.h">
      <Filter>Engine\Core\Header Files</Filter>
    </ClInclude>
    <ClInclude Include="GameObject.h">
      <Filter>Engine\Core\Header Files</Filter>
    </ClInclude>
    <ClInclude Include="Component.h">
      <Filter>Engine\Core\Interfaces</Filter>
    </ClInclude>
    <ClInclude Include="Light.h">
      <Filter>Engine\Core\Header Files</Filter>
    </ClInclude>
    <ClInclude Include="Pointlight.h">
      <Filter>Engine\Core\Header Files</Filter>
    </ClInclude>
    <ClInclude Include="Spotlight.h">
      <Filter>Engine\Core\Header Files</Filter>
    </ClInclude>
    <ClInclude Include="DirectionalLight.h">
      <Filter>Engine\Core\Header Files</Filter>
    </ClInclude>
    <ClInclude Include="Scene.h">
      <Filter>Engine\Core\Header Files</Filter>
    </ClInclude>
    <ClInclude Include="LightsManager.h">
      <Filter>Header Files</Filter>
    </ClInclude>
    <ClInclude Include="Color.h">
      <Filter>Engine\CommonConcepts</Filter>
    </ClInclude>
    <ClInclude Include="IFrameBuffer.h">
      <Filter>Header Files</Filter>
    </ClInclude>
    <ClInclude Include="OGLFrameBuffer.h">
      <Filter>Header Files</Filter>
    </ClInclude>
    <ClInclude Include="TerrainGenerator.h">
      <Filter>Header Files</Filter>
    </ClInclude>
  </ItemGroup>
  <ItemGroup>
    <ClCompile Include="Camera.cpp">
      <Filter>Engine\Core\Source Files</Filter>
    </ClCompile>
    <ClCompile Include="Mesh.cpp">
      <Filter>Engine\Core\Source Files</Filter>
    </ClCompile>
    <ClCompile Include="Model.cpp">
      <Filter>Engine\Core\Source Files</Filter>
    </ClCompile>
    <ClCompile Include="MIDI\rtmidi_c.cpp">
      <Filter>MIDI</Filter>
    </ClCompile>
    <ClCompile Include="MIDI\RtMidi.cpp">
      <Filter>MIDI</Filter>
    </ClCompile>
    <ClCompile Include="MidiDebugger.cpp">
      <Filter>MIDI</Filter>
    </ClCompile>
    <ClCompile Include="OGLRenderer.cpp">
      <Filter>Engine\GraphicEngine\Source Files</Filter>
    </ClCompile>
    <ClCompile Include="OGLVertexArray.cpp">
      <Filter>Engine\GraphicEngine\Source Files</Filter>
    </ClCompile>
    <ClCompile Include="Shader.cpp">
      <Filter>Engine\GraphicEngine\Source Files</Filter>
    </ClCompile>
    <ClCompile Include="Context.cpp">
      <Filter>Engine\GraphicEngine\Source Files</Filter>
    </ClCompile>
    <ClCompile Include="Material.cpp">
      <Filter>Engine\Core\Source Files</Filter>
    </ClCompile>
    <ClCompile Include="OGLTextureBuffer.cpp">
      <Filter>Engine\GraphicEngine\Source Files</Filter>
    </ClCompile>
    <ClCompile Include="TexturesManager.cpp">
      <Filter>Engine\Core\Source Files</Filter>
    </ClCompile>
    <ClCompile Include="GameObject.cpp">
      <Filter>Engine\Core\Source Files</Filter>
    </ClCompile>
    <ClCompile Include="Light.cpp">
      <Filter>Engine\Core\Source Files</Filter>
    </ClCompile>
    <ClCompile Include="Pointlight.cpp">
      <Filter>Engine\Core\Source Files</Filter>
    </ClCompile>
    <ClCompile Include="DirectionalLight.cpp">
      <Filter>Engine\Core\Source Files</Filter>
    </ClCompile>
    <ClCompile Include="Spotlight.cpp">
      <Filter>Engine\Core\Source Files</Filter>
    </ClCompile>
    <ClCompile Include="Scene.cpp">
      <Filter>Engine\Core\Source Files</Filter>
    </ClCompile>
    <ClCompile Include="main.cpp">
      <Filter>Source Files</Filter>
    </ClCompile>
    <ClCompile Include="LightsManager.cpp">
      <Filter>Source Files</Filter>
    </ClCompile>
    <ClCompile Include="Texture.cpp">
      <Filter>Engine\CommonConcepts</Filter>
    </ClCompile>
    <ClCompile Include="OGLFrameBuffer.cpp">
      <Filter>Source Files</Filter>
    </ClCompile>
    <ClCompile Include="TerrainGenerator.cpp">
      <Filter>Source Files</Filter>
    </ClCompile>
  </ItemGroup>
  <ItemGroup>
    <None Include="packages.config" />
    <None Include="Shaders\LampShader.vert">
      <Filter>Shaders</Filter>
    </None>
    <None Include="Shaders\SimpleShader.frag">
      <Filter>Shaders</Filter>
    </None>
    <None Include="Shaders\SimpleShader.vert">
      <Filter>Shaders</Filter>
    </None>
    <None Include="Shaders\TutorialShader.frag">
      <Filter>Shaders</Filter>
    </None>
    <None Include="Shaders\TutorialShader.vert">
      <Filter>Shaders</Filter>
    </None>
    <None Include="Shaders\TutorialShader2.frag">
      <Filter>Shaders</Filter>
    </None>
    <None Include="Shaders\LampShader.frag">
      <Filter>Shaders</Filter>
    </None>
    <None Include="Shadow.vert">
      <Filter>Shaders</Filter>
    </None>
    <None Include="Shadow.frag">
      <Filter>Shaders</Filter>
    </None>
    <None Include="Quad.frag">
      <Filter>Shaders</Filter>
    </None>
    <None Include="Quad.vert">
      <Filter>Shaders</Filter>
    </None>
  </ItemGroup>
</Project>